{
  "name": "ascii-vibes",
  "version": "1.0.1",
  "lockfileVersion": 2,
  "requires": true,
  "packages": {
    "": {
      "name": "ascii-vibes",
      "version": "1.0.1",
      "license": "MIT",
      "bin": {
        "ascii-vibes": "bin/ascii-vibes.js"
      },
      "funding": {
        "url": "https://github.com/sponsors/DeveloperPuneet"
      }
    }
  }
}
